// !$*UTF8*$!
{
	archiveVersion = 1;
	classes = {
	};
	objectVersion = 50;
	objects = {

/* Begin PBXBuildFile section */
		C02631BA22920756006FCD00 /* AppDelegate.swift in Sources */ = {isa = PBXBuildFile; fileRef = C02631B922920756006FCD00 /* AppDelegate.swift */; };
		C02631BC22920756006FCD00 /* Level-1.sks in Resources */ = {isa = PBXBuildFile; fileRef = C02631BB22920756006FCD00 /* Level-1.sks */; };
		C02631C022920756006FCD00 /* GameScene.swift in Sources */ = {isa = PBXBuildFile; fileRef = C02631BF22920756006FCD00 /* GameScene.swift */; };
		C02631C222920756006FCD00 /* GameViewController.swift in Sources */ = {isa = PBXBuildFile; fileRef = C02631C122920756006FCD00 /* GameViewController.swift */; };
		C02631C522920756006FCD00 /* Main.storyboard in Resources */ = {isa = PBXBuildFile; fileRef = C02631C322920756006FCD00 /* Main.storyboard */; };
		C02631C722920758006FCD00 /* Assets.xcassets in Resources */ = {isa = PBXBuildFile; fileRef = C02631C622920758006FCD00 /* Assets.xcassets */; };
		C02631CA22920758006FCD00 /* LaunchScreen.storyboard in Resources */ = {isa = PBXBuildFile; fileRef = C02631C822920758006FCD00 /* LaunchScreen.storyboard */; };
		C02631D222920BFA006FCD00 /* Smashing-Things.atlas in Resources */ = {isa = PBXBuildFile; fileRef = C02631D122920BFA006FCD00 /* Smashing-Things.atlas */; };
		C02631D422921904006FCD00 /* Orange.swift in Sources */ = {isa = PBXBuildFile; fileRef = C02631D322921904006FCD00 /* Orange.swift */; };
		C02631D622990407006FCD00 /* Level-2.sks in Resources */ = {isa = PBXBuildFile; fileRef = C02631D522990407006FCD00 /* Level-2.sks */; };
		C098375B229E10780004D551 /* Level-6.sks in Resources */ = {isa = PBXBuildFile; fileRef = C098375A229E10780004D551 /* Level-6.sks */; };
		C0E6A744229A1F85000BB893 /* Level-3.sks in Resources */ = {isa = PBXBuildFile; fileRef = C0E6A743229A1F85000BB893 /* Level-3.sks */; };
		C0E6A746229A2B7C000BB893 /* Level-4.sks in Resources */ = {isa = PBXBuildFile; fileRef = C0E6A745229A2B7C000BB893 /* Level-4.sks */; };
		C0E6A748229A2BF8000BB893 /* Level-5.sks in Resources */ = {isa = PBXBuildFile; fileRef = C0E6A747229A2BF8000BB893 /* Level-5.sks */; };
/* End PBXBuildFile section */

/* Begin PBXFileReference section */
		C02631B622920756006FCD00 /* OrangeTree.app */ = {isa = PBXFileReference; explicitFileType = wrapper.application; includeInIndex = 0; path = OrangeTree.app; sourceTree = BUILT_PRODUCTS_DIR; };
		C02631B922920756006FCD00 /* AppDelegate.swift */ = {isa = PBXFileReference; lastKnownFileType = sourcecode.swift; path = AppDelegate.swift; sourceTree = "<group>"; };
		C02631BB22920756006FCD00 /* Level-1.sks */ = {isa = PBXFileReference; lastKnownFileType = file.sks; path = "Level-1.sks"; sourceTree = "<group>"; };
		C02631BF22920756006FCD00 /* GameScene.swift */ = {isa = PBXFileReference; lastKnownFileType = sourcecode.swift; path = GameScene.swift; sourceTree = "<group>"; };
		C02631C122920756006FCD00 /* GameViewController.swift */ = {isa = PBXFileReference; lastKnownFileType = sourcecode.swift; path = GameViewController.swift; sourceTree = "<group>"; };
		C02631C422920756006FCD00 /* Base */ = {isa = PBXFileReference; lastKnownFileType = file.storyboard; name = Base; path = Base.lproj/Main.storyboard; sourceTree = "<group>"; };
		C02631C622920758006FCD00 /* Assets.xcassets */ = {isa = PBXFileReference; lastKnownFileType = folder.assetcatalog; path = Assets.xcassets; sourceTree = "<group>"; };
		C02631C922920758006FCD00 /* Base */ = {isa = PBXFileReference; lastKnownFileType = file.storyboard; name = Base; path = Base.lproj/LaunchScreen.storyboard; sourceTree = "<group>"; };
		C02631CB22920758006FCD00 /* Info.plist */ = {isa = PBXFileReference; lastKnownFileType = text.plist.xml; path = Info.plist; sourceTree = "<group>"; };
		C02631D122920BFA006FCD00 /* Smashing-Things.atlas */ = {isa = PBXFileReference; lastKnownFileType = folder.skatlas; path = "Smashing-Things.atlas"; sourceTree = "<group>"; };
		C02631D322921904006FCD00 /* Orange.swift */ = {isa = PBXFileReference; lastKnownFileType = sourcecode.swift; path = Orange.swift; sourceTree = "<group>"; };
		C02631D522990407006FCD00 /* Level-2.sks */ = {isa = PBXFileReference; lastKnownFileType = file.sks; path = "Level-2.sks"; sourceTree = "<group>"; };
		C098375A229E10780004D551 /* Level-6.sks */ = {isa = PBXFileReference; lastKnownFileType = file.sks; path = "Level-6.sks"; sourceTree = "<group>"; };
		C0E6A743229A1F85000BB893 /* Level-3.sks */ = {isa = PBXFileReference; lastKnownFileType = file.sks; path = "Level-3.sks"; sourceTree = "<group>"; };
		C0E6A745229A2B7C000BB893 /* Level-4.sks */ = {isa = PBXFileReference; lastKnownFileType = file.sks; path = "Level-4.sks"; sourceTree = "<group>"; };
		C0E6A747229A2BF8000BB893 /* Level-5.sks */ = {isa = PBXFileReference; lastKnownFileType = file.sks; path = "Level-5.sks"; sourceTree = "<group>"; };
/* End PBXFileReference section */

/* Begin PBXFrameworksBuildPhase section */
		C02631B322920756006FCD00 /* Frameworks */ = {
			isa = PBXFrameworksBuildPhase;
			buildActionMask = 2147483647;
			files = (
			);
			runOnlyForDeploymentPostprocessing = 0;
		};
/* End PBXFrameworksBuildPhase section */

/* Begin PBXGroup section */
		C02631AD22920756006FCD00 = {
			isa = PBXGroup;
			children = (
				C02631B822920756006FCD00 /* OrangeTree */,
				C02631B722920756006FCD00 /* Products */,
			);
			sourceTree = "<group>";
		};
		C02631B722920756006FCD00 /* Products */ = {
			isa = PBXGroup;
			children = (
				C02631B622920756006FCD00 /* OrangeTree.app */,
			);
			name = Products;
			sourceTree = "<group>";
		};
		C02631B822920756006FCD00 /* OrangeTree */ = {
			isa = PBXGroup;
			children = (
				C02631D122920BFA006FCD00 /* Smashing-Things.atlas */,
				C02631B922920756006FCD00 /* AppDelegate.swift */,
				C02631BB22920756006FCD00 /* Level-1.sks */,
				C02631D522990407006FCD00 /* Level-2.sks */,
				C0E6A743229A1F85000BB893 /* Level-3.sks */,
				C0E6A745229A2B7C000BB893 /* Level-4.sks */,
				C0E6A747229A2BF8000BB893 /* Level-5.sks */,
				C098375A229E10780004D551 /* Level-6.sks */,
				C02631BF22920756006FCD00 /* GameScene.swift */,
				C02631C122920756006FCD00 /* GameViewController.swift */,
				C02631D322921904006FCD00 /* Orange.swift */,
				C02631C322920756006FCD00 /* Main.storyboard */,
				C02631C622920758006FCD00 /* Assets.xcassets */,
				C02631C822920758006FCD00 /* LaunchScreen.storyboard */,
				C02631CB22920758006FCD00 /* Info.plist */,
			);
			path = OrangeTree;
			sourceTree = "<group>";
		};
/* End PBXGroup section */

/* Begin PBXNativeTarget section */
		C02631B522920756006FCD00 /* OrangeTree */ = {
			isa = PBXNativeTarget;
			buildConfigurationList = C02631CE22920758006FCD00 /* Build configuration list for PBXNativeTarget "OrangeTree" */;
			buildPhases = (
				C02631B222920756006FCD00 /* Sources */,
				C02631B322920756006FCD00 /* Frameworks */,
				C02631B422920756006FCD00 /* Resources */,
			);
			buildRules = (
			);
			dependencies = (
			);
			name = OrangeTree;
			productName = OrangeTree;
			productReference = C02631B622920756006FCD00 /* OrangeTree.app */;
			productType = "com.apple.product-type.application";
		};
/* End PBXNativeTarget section */

/* Begin PBXProject section */
		C02631AE22920756006FCD00 /* Project object */ = {
			isa = PBXProject;
			attributes = {
				LastSwiftUpdateCheck = 1020;
				LastUpgradeCheck = 1020;
				ORGANIZATIONNAME = "Make School";
				TargetAttributes = {
					C02631B522920756006FCD00 = {
						CreatedOnToolsVersion = 10.2.1;
					};
				};
			};
			buildConfigurationList = C02631B122920756006FCD00 /* Build configuration list for PBXProject "OrangeTree" */;
			compatibilityVersion = "Xcode 9.3";
			developmentRegion = en;
			hasScannedForEncodings = 0;
			knownRegions = (
				en,
				Base,
			);
			mainGroup = C02631AD22920756006FCD00;
			productRefGroup = C02631B722920756006FCD00 /* Products */;
			projectDirPath = "";
			projectRoot = "";
			targets = (
				C02631B522920756006FCD00 /* OrangeTree */,
			);
		};
/* End PBXProject section */

/* Begin PBXResourcesBuildPhase section */
		C02631B422920756006FCD00 /* Resources */ = {
			isa = PBXResourcesBuildPhase;
			buildActionMask = 2147483647;
			files = (
				C0E6A748229A2BF8000BB893 /* Level-5.sks in Resources */,
				C098375B229E10780004D551 /* Level-6.sks in Resources */,
				C02631D222920BFA006FCD00 /* Smashing-Things.atlas in Resources */,
				C02631C522920756006FCD00 /* Main.storyboard in Resources */,
				C02631BC22920756006FCD00 /* Level-1.sks in Resources */,
				C0E6A746229A2B7C000BB893 /* Level-4.sks in Resources */,
				C0E6A744229A1F85000BB893 /* Level-3.sks in Resources */,
				C02631D622990407006FCD00 /* Level-2.sks in Resources */,
				C02631C722920758006FCD00 /* Assets.xcassets in Resources */,
				C02631CA22920758006FCD00 /* LaunchScreen.storyboard in Resources */,
			);
			runOnlyForDeploymentPostprocessing = 0;
		};
/* End PBXResourcesBuildPhase section */

/* Begin PBXSourcesBuildPhase section */
		C02631B222920756006FCD00 /* Sources */ = {
			isa = PBXSourcesBuildPhase;
			buildActionMask = 2147483647;
			files = (
				C02631C022920756006FCD00 /* GameScene.swift in Sources */,
				C02631C222920756006FCD00 /* GameViewController.swift in Sources */,
				C02631BA22920756006FCD00 /* AppDelegate.swift in Sources */,
				C02631D422921904006FCD00 /* Orange.swift in Sources */,
			);
			runOnlyForDeploymentPostprocessing = 0;
		};
/* End PBXSourcesBuildPhase section */

/* Begin PBXVariantGroup section */
		C02631C322920756006FCD00 /* Main.storyboard */ = {
			isa = PBXVariantGroup;
			children = (
				C02631C422920756006FCD00 /* Base */,
			);
			name = Main.storyboard;
			sourceTree = "<group>";
		};
		C02631C822920758006FCD00 /* LaunchScreen.storyboard */ = {
			isa = PBXVariantGroup;
			children = (
				C02631C922920758006FCD00 /* Base */,
			);
			name = LaunchScreen.storyboard;
			sourceTree = "<group>";
		};
/* End PBXVariantGroup section */

/* Begin XCBuildConfiguration section */
		C02631CC22920758006FCD00 /* Debug */ = {
			isa = XCBuildConfiguration;
			buildSettings = {
				ALWAYS_SEARCH_USER_PATHS = NO;
				CLANG_ANALYZER_NONNULL = YES;
				CLANG_ANALYZER_NUMBER_OBJECT_CONVERSION = YES_AGGRESSIVE;
				CLANG_CXX_LANGUAGE_STANDARD = "gnu++14";
				CLANG_CXX_LIBRARY = "libc++";
				CLANG_ENABLE_MODULES = YES;
				CLANG_ENABLE_OBJC_ARC = YES;
				CLANG_ENABLE_OBJC_WEAK = YES;
				CLANG_WARN_BLOCK_CAPTURE_AUTORELEASING = YES;
				CLANG_WARN_BOOL_CONVERSION = YES;
				CLANG_WARN_COMMA = YES;
				CLANG_WARN_CONSTANT_CONVERSION = YES;
				CLANG_WARN_DEPRECATED_OBJC_IMPLEMENTATIONS = YES;
				CLANG_WARN_DIRECT_OBJC_ISA_USAGE = YES_ERROR;
				CLANG_WARN_DOCUMENTATION_COMMENTS = YES;
				CLANG_WARN_EMPTY_BODY = YES;
				CLANG_WARN_ENUM_CONVERSION = YES;
				CLANG_WARN_INFINITE_RECURSION = YES;
				CLANG_WARN_INT_CONVERSION = YES;
				CLANG_WARN_NON_LITERAL_NULL_CONVERSION = YES;
				CLANG_WARN_OBJC_IMPLICIT_RETAIN_SELF = YES;
				CLANG_WARN_OBJC_LITERAL_CONVERSION = YES;
				CLANG_WARN_OBJC_ROOT_CLASS = YES_ERROR;
				CLANG_WARN_RANGE_LOOP_ANALYSIS = YES;
				CLANG_WARN_STRICT_PROTOTYPES = YES;
				CLANG_WARN_SUSPICIOUS_MOVE = YES;
				CLANG_WARN_UNGUARDED_AVAILABILITY = YES_AGGRESSIVE;
				CLANG_WARN_UNREACHABLE_CODE = YES;
				CLANG_WARN__DUPLICATE_METHOD_MATCH = YES;
				CODE_SIGN_IDENTITY = "iPhone Developer";
				COPY_PHASE_STRIP = NO;
				DEBUG_INFORMATION_FORMAT = dwarf;
				ENABLE_STRICT_OBJC_MSGSEND = YES;
				ENABLE_TESTABILITY = YES;
				GCC_C_LANGUAGE_STANDARD = gnu11;
				GCC_DYNAMIC_NO_PIC = NO;
				GCC_NO_COMMON_BLOCKS = YES;
				GCC_OPTIMIZATION_LEVEL = 0;
				GCC_PREPROCESSOR_DEFINITIONS = (
					"DEBUG=1",
					"$(inherited)",
				);
				GCC_WARN_64_TO_32_BIT_CONVERSION = YES;
				GCC_WARN_ABOUT_RETURN_TYPE = YES_ERROR;
				GCC_WARN_UNDECLARED_SELECTOR = YES;
				GCC_WARN_UNINITIALIZED_AUTOS = YES_AGGRESSIVE;
				GCC_WARN_UNUSED_FUNCTION = YES;
				GCC_WARN_UNUSED_VARIABLE = YES;
				IPHONEOS_DEPLOYMENT_TARGET = 12.2;
				MTL_ENABLE_DEBUG_INFO = INCLUDE_SOURCE;
				MTL_FAST_MATH = YES;
				ONLY_ACTIVE_ARCH = YES;
				SDKROOT = iphoneos;
				SWIFT_ACTIVE_COMPILATION_CONDITIONS = DEBUG;
				SWIFT_OPTIMIZATION_LEVEL = "-Onone";
			};
			name = Debug;
		};
		C02631CD22920758006FCD00 /* Release */ = {
			isa = XCBuildConfiguration;
			buildSettings = {
				ALWAYS_SEARCH_USER_PATHS = NO;
				CLANG_ANALYZER_NONNULL = YES;
				CLANG_ANALYZER_NUMBER_OBJECT_CONVERSION = YES_AGGRESSIVE;
				CLANG_CXX_LANGUAGE_STANDARD = "gnu++14";
				CLANG_CXX_LIBRARY = "libc++";
				CLANG_ENABLE_MODULES = YES;
				CLANG_ENABLE_OBJC_ARC = YES;
				CLANG_ENABLE_OBJC_WEAK = YES;
				CLANG_WARN_BLOCK_CAPTURE_AUTORELEASING = YES;
				CLANG_WARN_BOOL_CONVERSION = YES;
				CLANG_WARN_COMMA = YES;
				CLANG_WARN_CONSTANT_CONVERSION = YES;
				CLANG_WARN_DEPRECATED_OBJC_IMPLEMENTATIONS = YES;
				CLANG_WARN_DIRECT_OBJC_ISA_USAGE = YES_ERROR;
				CLANG_WARN_DOCUMENTATION_COMMENTS = YES;
				CLANG_WARN_EMPTY_BODY = YES;
				CLANG_WARN_ENUM_CONVERSION = YES;
				CLANG_WARN_INFINITE_RECURSION = YES;
				CLANG_WARN_INT_CONVERSION = YES;
				CLANG_WARN_NON_LITERAL_NULL_CONVERSION = YES;
				CLANG_WARN_OBJC_IMPLICIT_RETAIN_SELF = YES;
				CLANG_WARN_OBJC_LITERAL_CONVERSION = YES;
				CLANG_WARN_OBJC_ROOT_CLASS = YES_ERROR;
				CLANG_WARN_RANGE_LOOP_ANALYSIS = YES;
				CLANG_WARN_STRICT_PROTOTYPES = YES;
				CLANG_WARN_SUSPICIOUS_MOVE = YES;
				CLANG_WARN_UNGUARDED_AVAILABILITY = YES_AGGRESSIVE;
				CLANG_WARN_UNREACHABLE_CODE = YES;
				CLANG_WARN__DUPLICATE_METHOD_MATCH = YES;
				CODE_SIGN_IDENTITY = "iPhone Developer";
				COPY_PHASE_STRIP = NO;
				DEBUG_INFORMATION_FORMAT = "dwarf-with-dsym";
				ENABLE_NS_ASSERTIONS = NO;
				ENABLE_STRICT_OBJC_MSGSEND = YES;
				GCC_C_LANGUAGE_STANDARD = gnu11;
				GCC_NO_COMMON_BLOCKS = YES;
				GCC_WARN_64_TO_32_BIT_CONVERSION = YES;
				GCC_WARN_ABOUT_RETURN_TYPE = YES_ERROR;
				GCC_WARN_UNDECLARED_SELECTOR = YES;
				GCC_WARN_UNINITIALIZED_AUTOS = YES_AGGRESSIVE;
				GCC_WARN_UNUSED_FUNCTION = YES;
				GCC_WARN_UNUSED_VARIABLE = YES;
				IPHONEOS_DEPLOYMENT_TARGET = 12.2;
				MTL_ENABLE_DEBUG_INFO = NO;
				MTL_FAST_MATH = YES;
				SDKROOT = iphoneos;
				SWIFT_COMPILATION_MODE = wholemodule;
				SWIFT_OPTIMIZATION_LEVEL = "-O";
				VALIDATE_PRODUCT = YES;
			};
			name = Release;
		};
		C02631CF22920758006FCD00 /* Debug */ = {
			isa = XCBuildConfiguration;
			buildSettings = {
				ASSETCATALOG_COMPILER_APPICON_NAME = AppIcon;
				CODE_SIGN_STYLE = Automatic;
				DEVELOPMENT_TEAM = 95TXKAQ9ZU;
				INFOPLIST_FILE = OrangeTree/Info.plist;
				LD_RUNPATH_SEARCH_PATHS = (
					"$(inherited)",
					"@executable_path/Frameworks",
				);
				PRODUCT_BUNDLE_IDENTIFIER = "com.jessica-trinh.OrangeTree";
				PRODUCT_NAME = "$(TARGET_NAME)";
				SWIFT_VERSION = 5.0;
				TARGETED_DEVICE_FAMILY = "1,2";
			};
			name = Debug;
		};
		C02631D022920758006FCD00 /* Release */ = {
			isa = XCBuildConfiguration;
			buildSettings = {
				ASSETCATALOG_COMPILER_APPICON_NAME = AppIcon;
				CODE_SIGN_STYLE = Automatic;
				DEVELOPMENT_TEAM = 95TXKAQ9ZU;
				INFOPLIST_FILE = OrangeTree/Info.plist;
				LD_RUNPATH_SEARCH_PATHS = (
					"$(inherited)",
					"@executable_path/Frameworks",
				);
				PRODUCT_BUNDLE_IDENTIFIER = "com.jessica-trinh.OrangeTree";
				PRODUCT_NAME = "$(TARGET_NAME)";
				SWIFT_VERSION = 5.0;
				TARGETED_DEVICE_FAMILY = "1,2";
			};
			name = Release;
		};
/* End XCBuildConfiguration section */

/* Begin XCConfigurationList section */
		C02631B122920756006FCD00 /* Build configuration list for PBXProject "OrangeTree" */ = {
			isa = XCConfigurationList;
			buildConfigurations = (
				C02631CC22920758006FCD00 /* Debug */,
				C02631CD22920758006FCD00 /* Release */,
			);
			defaultConfigurationIsVisible = 0;
			defaultConfigurationName = Release;
		};
		C02631CE22920758006FCD00 /* Build configuration list for PBXNativeTarget "OrangeTree" */ = {
			isa = XCConfigurationList;
			buildConfigurations = (
				C02631CF22920758006FCD00 /* Debug */,
				C02631D022920758006FCD00 /* Release */,
			);
			defaultConfigurationIsVisible = 0;
			defaultConfigurationName = Release;
		};
/* End XCConfigurationList section */
	};
	rootObject = C02631AE22920756006FCD00 /* Project object */;
}
